
Microsoft Visual Studio Solution File, Format Version 12.00
# Visual Studio 15
VisualStudioVersion = 15.0.27130.2036
MinimumVisualStudioVersion = 10.0.40219.1
Project("{2150E333-8FDC-42A3-9474-1A3956D46DE8}") = "src", "src", "{ACECD8DE-A508-4E92-8B7F-E12CF01C7114}"
EndProject
Project("{2150E333-8FDC-42A3-9474-1A3956D46DE8}") = "test", "test", "{EA36828E-0D1A-4F96-90A1-7F2AC15342A4}"
EndProject
Project("{2150E333-8FDC-42A3-9474-1A3956D46DE8}") = "Solution Items", "Solution Items", "{72E29352-FB88-49FC-A484-9670713ED6DF}"
	ProjectSection(SolutionItems) = preProject
		Readme.md = Readme.md
	EndProjectSection
EndProject
Project("{9A19103F-16F7-4668-BE54-9A1E7A4F7556}") = "gwn.api", "src\gwn.api\gwn.api.csproj", "{F6C99A3D-802C-4B68-9ED5-C71FEA0474FC}"
EndProject
Project("{9A19103F-16F7-4668-BE54-9A1E7A4F7556}") = "gwn.dataservice", "src\gwn.dataservice\gwn.dataservice.csproj", "{DD2D90D8-9E3A-458F-ACAE-57D7E5C9CB12}"
EndProject
Project("{9A19103F-16F7-4668-BE54-9A1E7A4F7556}") = "gwn.validation", "src\gwn.validation\gwn.validation.csproj", "{0F236955-4884-4216-A51C-5628CA217F9C}"
EndProject
Project("{9A19103F-16F7-4668-BE54-9A1E7A4F7556}") = "gwn.contract", "src\gwn.contract\gwn.contract.csproj", "{B88B43A6-8A5F-451F-AE82-1B748428F2AA}"
EndProject
Project("{9A19103F-16F7-4668-BE54-9A1E7A4F7556}") = "gwn.entityframework", "src\gwn.entityframework\gwn.entityframework.csproj", "{92A38A91-17D2-40B0-88D4-5A761A372680}"
EndProject
Project("{00D1A9C2-B5F0-4AF3-8072-F6C62B433612}") = "gwn.sqldatabase", "src\gwn.sqldatabase\gwn.sqldatabase.sqlproj", "{3A2D8262-3B37-45FA-860F-8BE95532AF1B}"
EndProject
Project("{9A19103F-16F7-4668-BE54-9A1E7A4F7556}") = "gwn.api.integrationtest", "test\gwn.api.integrationtest\gwn.api.integrationtest.csproj", "{96A4BB9E-1458-4510-926D-277E4777A42B}"
EndProject
Project("{9A19103F-16F7-4668-BE54-9A1E7A4F7556}") = "gwn.common.test", "test\gwn.common.test\gwn.common.test.csproj", "{0A465971-EE34-44B3-9909-29C5C5F8BC17}"
EndProject
Project("{9A19103F-16F7-4668-BE54-9A1E7A4F7556}") = "gwn.unittest", "test\gwn.unittest\gwn.unittest.csproj", "{4CD35700-EBA7-4E5A-AA5D-3F293DC400F7}"
EndProject
Project("{FAE04EC0-301F-11D3-BF4B-00C04F79EFBC}") = "gwn.common.exceptionhandling", "src\gwn.common.exceptionhandling\gwn.common.exceptionhandling.csproj", "{89C02683-4F80-4DA9-9E06-3510B9003343}"
EndProject
Project("{9A19103F-16F7-4668-BE54-9A1E7A4F7556}") = "gwn.common.logging", "src\gwn.common.logging\gwn.common.logging.csproj", "{771DEE82-C6C9-41D6-A60B-2033773830C7}"
EndProject
Project("{9A19103F-16F7-4668-BE54-9A1E7A4F7556}") = "gwn.common.validation", "src\gwn.common.validation\gwn.common.validation.csproj", "{96AD6275-5D56-472D-8D4C-AAEB7D11F14C}"
EndProject
Global
	GlobalSection(SolutionConfigurationPlatforms) = preSolution
		Debug|Any CPU = Debug|Any CPU
		Release|Any CPU = Release|Any CPU
	EndGlobalSection
	GlobalSection(ProjectConfigurationPlatforms) = postSolution
		{F6C99A3D-802C-4B68-9ED5-C71FEA0474FC}.Debug|Any CPU.ActiveCfg = Debug|Any CPU
		{F6C99A3D-802C-4B68-9ED5-C71FEA0474FC}.Debug|Any CPU.Build.0 = Debug|Any CPU
		{F6C99A3D-802C-4B68-9ED5-C71FEA0474FC}.Release|Any CPU.ActiveCfg = Release|Any CPU
		{F6C99A3D-802C-4B68-9ED5-C71FEA0474FC}.Release|Any CPU.Build.0 = Release|Any CPU
		{DD2D90D8-9E3A-458F-ACAE-57D7E5C9CB12}.Debug|Any CPU.ActiveCfg = Debug|Any CPU
		{DD2D90D8-9E3A-458F-ACAE-57D7E5C9CB12}.Debug|Any CPU.Build.0 = Debug|Any CPU
		{DD2D90D8-9E3A-458F-ACAE-57D7E5C9CB12}.Release|Any CPU.ActiveCfg = Release|Any CPU
		{DD2D90D8-9E3A-458F-ACAE-57D7E5C9CB12}.Release|Any CPU.Build.0 = Release|Any CPU
		{0F236955-4884-4216-A51C-5628CA217F9C}.Debug|Any CPU.ActiveCfg = Debug|Any CPU
		{0F236955-4884-4216-A51C-5628CA217F9C}.Debug|Any CPU.Build.0 = Debug|Any CPU
		{0F236955-4884-4216-A51C-5628CA217F9C}.Release|Any CPU.ActiveCfg = Release|Any CPU
		{0F236955-4884-4216-A51C-5628CA217F9C}.Release|Any CPU.Build.0 = Release|Any CPU
		{B88B43A6-8A5F-451F-AE82-1B748428F2AA}.Debug|Any CPU.ActiveCfg = Debug|Any CPU
		{B88B43A6-8A5F-451F-AE82-1B748428F2AA}.Debug|Any CPU.Build.0 = Debug|Any CPU
		{B88B43A6-8A5F-451F-AE82-1B748428F2AA}.Release|Any CPU.ActiveCfg = Release|Any CPU
		{B88B43A6-8A5F-451F-AE82-1B748428F2AA}.Release|Any CPU.Build.0 = Release|Any CPU
		{92A38A91-17D2-40B0-88D4-5A761A372680}.Debug|Any CPU.ActiveCfg = Debug|Any CPU
		{92A38A91-17D2-40B0-88D4-5A761A372680}.Debug|Any CPU.Build.0 = Debug|Any CPU
		{92A38A91-17D2-40B0-88D4-5A761A372680}.Release|Any CPU.ActiveCfg = Release|Any CPU
		{92A38A91-17D2-40B0-88D4-5A761A372680}.Release|Any CPU.Build.0 = Release|Any CPU
		{3A2D8262-3B37-45FA-860F-8BE95532AF1B}.Debug|Any CPU.ActiveCfg = Debug|Any CPU
		{3A2D8262-3B37-45FA-860F-8BE95532AF1B}.Debug|Any CPU.Build.0 = Debug|Any CPU
		{3A2D8262-3B37-45FA-860F-8BE95532AF1B}.Debug|Any CPU.Deploy.0 = Debug|Any CPU
		{3A2D8262-3B37-45FA-860F-8BE95532AF1B}.Release|Any CPU.ActiveCfg = Release|Any CPU
		{3A2D8262-3B37-45FA-860F-8BE95532AF1B}.Release|Any CPU.Build.0 = Release|Any CPU
		{3A2D8262-3B37-45FA-860F-8BE95532AF1B}.Release|Any CPU.Deploy.0 = Release|Any CPU
		{96A4BB9E-1458-4510-926D-277E4777A42B}.Debug|Any CPU.ActiveCfg = Debug|Any CPU
		{96A4BB9E-1458-4510-926D-277E4777A42B}.Debug|Any CPU.Build.0 = Debug|Any CPU
		{96A4BB9E-1458-4510-926D-277E4777A42B}.Release|Any CPU.ActiveCfg = Release|Any CPU
		{96A4BB9E-1458-4510-926D-277E4777A42B}.Release|Any CPU.Build.0 = Release|Any CPU
		{0A465971-EE34-44B3-9909-29C5C5F8BC17}.Debug|Any CPU.ActiveCfg = Debug|Any CPU
		{0A465971-EE34-44B3-9909-29C5C5F8BC17}.Debug|Any CPU.Build.0 = Debug|Any CPU
		{0A465971-EE34-44B3-9909-29C5C5F8BC17}.Release|Any CPU.ActiveCfg = Release|Any CPU
		{0A465971-EE34-44B3-9909-29C5C5F8BC17}.Release|Any CPU.Build.0 = Release|Any CPU
		{4CD35700-EBA7-4E5A-AA5D-3F293DC400F7}.Debug|Any CPU.ActiveCfg = Debug|Any CPU
		{4CD35700-EBA7-4E5A-AA5D-3F293DC400F7}.Debug|Any CPU.Build.0 = Debug|Any CPU
		{4CD35700-EBA7-4E5A-AA5D-3F293DC400F7}.Release|Any CPU.ActiveCfg = Release|Any CPU
		{4CD35700-EBA7-4E5A-AA5D-3F293DC400F7}.Release|Any CPU.Build.0 = Release|Any CPU
		{89C02683-4F80-4DA9-9E06-3510B9003343}.Debug|Any CPU.ActiveCfg = Debug|Any CPU
		{89C02683-4F80-4DA9-9E06-3510B9003343}.Debug|Any CPU.Build.0 = Debug|Any CPU
		{89C02683-4F80-4DA9-9E06-3510B9003343}.Release|Any CPU.ActiveCfg = Release|Any CPU
		{89C02683-4F80-4DA9-9E06-3510B9003343}.Release|Any CPU.Build.0 = Release|Any CPU
		{771DEE82-C6C9-41D6-A60B-2033773830C7}.Debug|Any CPU.ActiveCfg = Debug|Any CPU
		{771DEE82-C6C9-41D6-A60B-2033773830C7}.Debug|Any CPU.Build.0 = Debug|Any CPU
		{771DEE82-C6C9-41D6-A60B-2033773830C7}.Release|Any CPU.ActiveCfg = Release|Any CPU
		{771DEE82-C6C9-41D6-A60B-2033773830C7}.Release|Any CPU.Build.0 = Release|Any CPU
		{96AD6275-5D56-472D-8D4C-AAEB7D11F14C}.Debug|Any CPU.ActiveCfg = Debug|Any CPU
		{96AD6275-5D56-472D-8D4C-AAEB7D11F14C}.Debug|Any CPU.Build.0 = Debug|Any CPU
		{96AD6275-5D56-472D-8D4C-AAEB7D11F14C}.Release|Any CPU.ActiveCfg = Release|Any CPU
		{96AD6275-5D56-472D-8D4C-AAEB7D11F14C}.Release|Any CPU.Build.0 = Release|Any CPU
	EndGlobalSection
	GlobalSection(SolutionProperties) = preSolution
		HideSolutionNode = FALSE
	EndGlobalSection
	GlobalSection(NestedProjects) = preSolution
		{F6C99A3D-802C-4B68-9ED5-C71FEA0474FC} = {ACECD8DE-A508-4E92-8B7F-E12CF01C7114}
		{DD2D90D8-9E3A-458F-ACAE-57D7E5C9CB12} = {ACECD8DE-A508-4E92-8B7F-E12CF01C7114}
		{0F236955-4884-4216-A51C-5628CA217F9C} = {ACECD8DE-A508-4E92-8B7F-E12CF01C7114}
		{B88B43A6-8A5F-451F-AE82-1B748428F2AA} = {ACECD8DE-A508-4E92-8B7F-E12CF01C7114}
		{92A38A91-17D2-40B0-88D4-5A761A372680} = {ACECD8DE-A508-4E92-8B7F-E12CF01C7114}
		{3A2D8262-3B37-45FA-860F-8BE95532AF1B} = {ACECD8DE-A508-4E92-8B7F-E12CF01C7114}
		{96A4BB9E-1458-4510-926D-277E4777A42B} = {EA36828E-0D1A-4F96-90A1-7F2AC15342A4}
		{0A465971-EE34-44B3-9909-29C5C5F8BC17} = {EA36828E-0D1A-4F96-90A1-7F2AC15342A4}
		{4CD35700-EBA7-4E5A-AA5D-3F293DC400F7} = {EA36828E-0D1A-4F96-90A1-7F2AC15342A4}
		{89C02683-4F80-4DA9-9E06-3510B9003343} = {ACECD8DE-A508-4E92-8B7F-E12CF01C7114}
		{771DEE82-C6C9-41D6-A60B-2033773830C7} = {ACECD8DE-A508-4E92-8B7F-E12CF01C7114}
		{96AD6275-5D56-472D-8D4C-AAEB7D11F14C} = {ACECD8DE-A508-4E92-8B7F-E12CF01C7114}
	EndGlobalSection
	GlobalSection(ExtensibilityGlobals) = postSolution
		SolutionGuid = {D206B817-E0C2-4EA1-88DC-9954A3562BD5}
	EndGlobalSection
EndGlobal
